# THIS IS AN AUTOGENERATED FILE. DO NOT EDIT THIS FILE DIRECTLY.
# yarn lockfile v1


"@fortawesome/fontawesome-free@^5.8.1":
  version "5.8.1"
  resolved "https://registry.yarnpkg.com/@fortawesome/fontawesome-free/-/fontawesome-free-5.8.1.tgz#cbafbfe8894c4e3e3c3a9da6774e249ac1f2da8b"
  integrity sha512-GJtx6e55qLEOy2gPOsok2lohjpdWNGrYGtQx0FFT/++K4SYx+Z8LlPHdQBaFzKEwH5IbBB4fNgb//uyZjgYXoA==

bootstrap@^4.3.1:
  version "4.3.1"
  resolved "https://registry.yarnpkg.com/bootstrap/-/bootstrap-4.3.1.tgz#280ca8f610504d99d7b6b4bfc4b68cec601704ac"
  integrity sha512-rXqOmH1VilAt2DyPzluTi2blhk17bO7ef+zLLPlWvG494pDxcM234pJ8wTc/6R40UWizAIIMgxjvxZg5kmsbag==

fotorama@^4.6.4:
  version "4.6.4"
  resolved "https://registry.yarnpkg.com/fotorama/-/fotorama-4.6.4.tgz#7376961b6c7eeccb6c76411aceba7795ffe22eae"
  integrity sha1-c3aWG2x+7MtsdkEazrp3lf/iLq4=
  dependencies:
    jquery ">=1.8"

fullcalendar@^3.10.0:
  version "3.10.0"
  resolved "https://registry.yarnpkg.com/fullcalendar/-/fullcalendar-3.10.0.tgz#cc5e87d518fd6550e142816a31dd191664847919"
  integrity sha512-0OtsHhmdYhtFmQwXzyo8VqHzYgamg+zVOoytv5N13gI+iF6CGjevpCi/yBaQs0O4wY3OAp8I688IxdNYe0iAvw==

jquery@>=1.8, jquery@^3.5.0:
  version "3.5.0"
  resolved "https://registry.yarnpkg.com/jquery/-/jquery-3.5.0.tgz#9980b97d9e4194611c36530e7dc46a58d7340fc9"
  integrity sha512-Xb7SVYMvygPxbFMpTFQiHh1J7HClEaThguL15N/Gg37Lri/qKyhRGZYzHRyLH8Stq3Aow0LsHO2O2ci86fCrNQ==

sticky-js@^1.2.0:
  version "1.2.0"
  resolved "https://registry.yarnpkg.com/sticky-js/-/sticky-js-1.2.0.tgz#da54ece034cc906646fca8c36bc7b5f48eec55e2"
  integrity sha1-2lTs4DTMkGZG/KjDa8e19I7sVeI=
